
Microsoft Visual Studio Solution File, Format Version 12.00
# Visual Studio Version 16
VisualStudioVersion = 16.0.33801.447
MinimumVisualStudioVersion = 10.0.40219.1
Project("{FAE04EC0-301F-11D3-BF4B-00C04F79EFBC}") = "PW2Prova", "PW2Prova\PW2Prova.csproj", "{BCF79481-FF98-46A7-910E-43C76282DDD1}"
EndProject
Global
	GlobalSection(SolutionConfigurationPlatforms) = preSolution
		Debug|Any CPU = Debug|Any CPU
		Release|Any CPU = Release|Any CPU
	EndGlobalSection
	GlobalSection(ProjectConfigurationPlatforms) = postSolution
		{BCF79481-FF98-46A7-910E-43C76282DDD1}.Debug|Any CPU.ActiveCfg = Debug|Any CPU
		{BCF79481-FF98-46A7-910E-43C76282DDD1}.Debug|Any CPU.Build.0 = Debug|Any CPU
		{BCF79481-FF98-46A7-910E-43C76282DDD1}.Release|Any CPU.ActiveCfg = Release|Any CPU
		{BCF79481-FF98-46A7-910E-43C76282DDD1}.Release|Any CPU.Build.0 = Release|Any CPU
	EndGlobalSection
	GlobalSection(SolutionProperties) = preSolution
		HideSolutionNode = FALSE
	EndGlobalSection
	GlobalSection(ExtensibilityGlobals) = postSolution
		SolutionGuid = {A735E9E5-7018-459F-8D79-D92CF5DD9A82}
	EndGlobalSection
EndGlobal
